
Microsoft Visual Studio Solution File, Format Version 12.00
# Visual Studio Version 17
VisualStudioVersion = 17.1.32421.90
MinimumVisualStudioVersion = 10.0.40219.1
Project("{FAE04EC0-301F-11D3-BF4B-00C04F79EFBC}") = "HashTable", "HashTable\HashTable.csproj", "{153C56D3-D91C-47A6-A3E5-3C894F10C637}"
EndProject
Global
	GlobalSection(SolutionConfigurationPlatforms) = preSolution
		Debug|Any CPU = Debug|Any CPU
		Release|Any CPU = Release|Any CPU
	EndGlobalSection
	GlobalSection(ProjectConfigurationPlatforms) = postSolution
		{153C56D3-D91C-47A6-A3E5-3C894F10C637}.Debug|Any CPU.ActiveCfg = Debug|Any CPU
		{153C56D3-D91C-47A6-A3E5-3C894F10C637}.Debug|Any CPU.Build.0 = Debug|Any CPU
		{153C56D3-D91C-47A6-A3E5-3C894F10C637}.Release|Any CPU.ActiveCfg = Release|Any CPU
		{153C56D3-D91C-47A6-A3E5-3C894F10C637}.Release|Any CPU.Build.0 = Release|Any CPU
	EndGlobalSection
	GlobalSection(SolutionProperties) = preSolution
		HideSolutionNode = FALSE
	EndGlobalSection
	GlobalSection(ExtensibilityGlobals) = postSolution
		SolutionGuid = {BEE9BBA9-098C-4285-A66C-ADCB436F27D0}
	EndGlobalSection
EndGlobal
